{
  "version": 4,
  "terraform_version": "1.6.6",
  "serial": 1,
  "lineage": "c83feba8-5035-2664-c340-88e78309ebe1",
  "outputs": {},
  "resources": [
    {
      "mode": "data",
      "type": "digitalocean_ssh_key",
      "name": "terraform",
      "provider": "provider[\"registry.terraform.io/digitalocean/digitalocean\"]",
      "instances": [
        {
          "schema_version": 0,
          "attributes": {
            "fingerprint": "92:70:fb:81:1d:77:06:98:7d:07:76:aa:20:09:e5:75",
            "id": 40466342,
            "name": "terraform",
            "public_key": "ssh-rsa AAAAB3NzaC1yc2EAAAADAQABAAABgQDYVme82nSi/UPrufUKtrIOoKgK6vA1vBtKQkX4CGNyQdTEbGskaZrpxTfVlDe1bh4GuTEznpq4CtKJ8ET7LZDlPDthI+QbmZWi28RIkqBOIvdtTA91HqS9xDGCKfcr6eDK72qqatr2kH4EVE2eGI8iffzoj2DeNJs73nkPpq2kOzMt7XfK8hFwpjzuzZPdLb5xah5lzxQDY0SVyRkkvRkR2tLfil4Uf7N5JXbsNZ3rS7MfEpRWfgVbXWb+wLhGQzGnJ2H0AWa9ioCfjiJ97dOSmJyv/znaFYeWY7bqUaNj0I2o79MBMfJ2bmlQxnHftSCcc6dY0EKQGeDTwSs9il86BkAbHKmgWTzBrAGLRsBmw7u43H9T1nsM1Pdd32OIEQHFvmGySVCp+hLQJxtDc95N3/RthtuDzU3/wq+WynOiaN8cL7gH/I2IOetL2kLG9oCvB431PyzutHbTq6DNnLKl5owzfvj4Dw6lbfWGxkyo3Bh7SJhM98YeZCMYdI59cLs= ramana@ramana"
          },
          "sensitive_attributes": []
        }
      ]
    },
    {
      "mode": "managed",
      "type": "digitalocean_droplet",
      "name": "www-1",
      "provider": "provider[\"registry.terraform.io/digitalocean/digitalocean\"]",
      "instances": [
        {
          "schema_version": 1,
          "attributes": {
            "backups": false,
            "created_at": "2023-12-24T15:32:57Z",
            "disk": 25,
            "droplet_agent": null,
            "graceful_shutdown": false,
            "id": "392088895",
            "image": "ubuntu-20-04-x64",
            "ipv4_address": "134.122.10.77",
            "ipv4_address_private": "10.108.0.2",
            "ipv6": false,
            "ipv6_address": "",
            "locked": false,
            "memory": 1024,
            "monitoring": false,
            "name": "www-1",
            "price_hourly": 0.00893,
            "price_monthly": 6,
            "private_networking": true,
            "region": "nyc3",
            "resize_disk": true,
            "size": "s-1vcpu-1gb",
            "ssh_keys": [
              "40466342"
            ],
            "status": "active",
            "tags": null,
            "timeouts": null,
            "urn": "do:droplet:392088895",
            "user_data": null,
            "vcpus": 1,
            "volume_ids": [],
            "vpc_uuid": "377dff5b-d101-46e0-b285-da6eef0bce87"
          },
          "sensitive_attributes": [],
          "private": "eyJlMmJmYjczMC1lY2FhLTExZTYtOGY4OC0zNDM2M2JjN2M0YzAiOnsiY3JlYXRlIjozNjAwMDAwMDAwMDAwLCJkZWxldGUiOjYwMDAwMDAwMDAwLCJ1cGRhdGUiOjM2MDAwMDAwMDAwMDB9LCJzY2hlbWFfdmVyc2lvbiI6IjEifQ==",
          "dependencies": [
            "data.digitalocean_ssh_key.terraform"
          ]
        }
      ]
    }
  ],
  "check_results": null
}
